
Microsoft Visual Studio Solution File, Format Version 12.00
# Visual Studio 14
VisualStudioVersion = 14.0.25123.0
MinimumVisualStudioVersion = 10.0.40219.1
Project("{888888A0-9F3D-457C-B088-3A5042F75D52}") = "Mine Sweeper", "Mine Sweeper\Mine Sweeper.pyproj", "{548C1A3E-AE51-49F4-AD5A-3AD93F6495AA}"
EndProject
Global
	GlobalSection(SolutionConfigurationPlatforms) = preSolution
		Debug|Any CPU = Debug|Any CPU
		Release|Any CPU = Release|Any CPU
	EndGlobalSection
	GlobalSection(ProjectConfigurationPlatforms) = postSolution
		{548C1A3E-AE51-49F4-AD5A-3AD93F6495AA}.Debug|Any CPU.ActiveCfg = Debug|Any CPU
		{548C1A3E-AE51-49F4-AD5A-3AD93F6495AA}.Release|Any CPU.ActiveCfg = Release|Any CPU
	EndGlobalSection
	GlobalSection(SolutionProperties) = preSolution
		HideSolutionNode = FALSE
	EndGlobalSection
EndGlobal
